
Microsoft Visual Studio Solution File, Format Version 12.00
# Visual Studio Version 16
VisualStudioVersion = 16.0.30011.22
MinimumVisualStudioVersion = 10.0.40219.1
Project("{FAE04EC0-301F-11D3-BF4B-00C04F79EFBC}") = "TimeTasker", "TimeTasker.csproj", "{384F8FA2-BD7D-4B0A-AB9B-D7414B71F4D3}"
EndProject
Project("{FAE04EC0-301F-11D3-BF4B-00C04F79EFBC}") = "Tests", "Tests\Tests\Tests.csproj", "{AA51E523-C813-431E-894A-9B89040873C7}"
EndProject
Global
	GlobalSection(SolutionConfigurationPlatforms) = preSolution
		Debug|Any CPU = Debug|Any CPU
		Release|Any CPU = Release|Any CPU
	EndGlobalSection
	GlobalSection(ProjectConfigurationPlatforms) = postSolution
		{384F8FA2-BD7D-4B0A-AB9B-D7414B71F4D3}.Debug|Any CPU.ActiveCfg = Debug|Any CPU
		{384F8FA2-BD7D-4B0A-AB9B-D7414B71F4D3}.Debug|Any CPU.Build.0 = Debug|Any CPU
		{384F8FA2-BD7D-4B0A-AB9B-D7414B71F4D3}.Release|Any CPU.ActiveCfg = Release|Any CPU
		{384F8FA2-BD7D-4B0A-AB9B-D7414B71F4D3}.Release|Any CPU.Build.0 = Release|Any CPU
		{AA51E523-C813-431E-894A-9B89040873C7}.Debug|Any CPU.ActiveCfg = Debug|Any CPU
		{AA51E523-C813-431E-894A-9B89040873C7}.Debug|Any CPU.Build.0 = Debug|Any CPU
		{AA51E523-C813-431E-894A-9B89040873C7}.Release|Any CPU.ActiveCfg = Release|Any CPU
		{AA51E523-C813-431E-894A-9B89040873C7}.Release|Any CPU.Build.0 = Release|Any CPU
	EndGlobalSection
	GlobalSection(SolutionProperties) = preSolution
		HideSolutionNode = FALSE
	EndGlobalSection
	GlobalSection(ExtensibilityGlobals) = postSolution
		SolutionGuid = {BA9D4495-CDE8-40FD-9BF0-56E6BBACCBF5}
	EndGlobalSection
EndGlobal
